{
  "requires": true,
  "lockfileVersion": 1,
  "dependencies": {
    "react-native-progress-wheel": {
      "version": "1.0.5",
      "resolved": "https://registry.npmjs.org/react-native-progress-wheel/-/react-native-progress-wheel-1.0.5.tgz",
      "integrity": "sha512-btEwU/u7GfdLj7M28Q3X8cJ6gCXL+M8yM0YB7v8IK2e8fwCw6T1X/zuusQQflhS7VVoox4Dcn7jBp30MBsuK0g=="
    }
  }
}
